{
    "name": "pizzaria-bruno",
    "version": "1.0.0",
    "lockfileVersion": 1,
    "requires": true,
    "dependencies": {
      "express": {
        "version": "4.17.1",
        "resolved": "https://registry.npmjs.org/express/-/express-4.17.1.tgz",
        "integrity": "sha512-mjoRjyFuM1LzjMJG5Lg1PwiS6x+5X9xFOjPlV6X/Tt1v+FTo4jpjRh6G8bMjr3R6fuCUK2ghD9uWq8P9hu5iJA=="
      },
      "cors": {
        "version": "2.8.5",
        "resolved": "https://registry.npmjs.org/cors/-/cors-2.8.5.tgz",
        "integrity": "sha512-K6edV2j7SKHqgBYb+thUgscBhHIT5z7rbmC6y74MNd2EeqkIUSXz2zoKk9L/4VmgMy/k9M6i9UuAc9QTVAXXnQ=="
      }
    }
  }
  